
Microsoft Visual Studio Solution File, Format Version 12.00
# Visual Studio 15
VisualStudioVersion = 15.0.28307.168
MinimumVisualStudioVersion = 10.0.40219.1
Project("{FAE04EC0-301F-11D3-BF4B-00C04F79EFBC}") = "ArabaKiralamaWinUI", "ArabaKiralamaWinUI\ArabaKiralamaWinUI.csproj", "{37FB5657-D16C-4020-B74C-95747360D998}"
EndProject
Project("{FAE04EC0-301F-11D3-BF4B-00C04F79EFBC}") = "ArabaKiralama.DAL", "ArabaKiralama.DAL\ArabaKiralama.DAL.csproj", "{CF9E52F8-4BE2-45F1-B265-79329633C168}"
EndProject
Project("{FAE04EC0-301F-11D3-BF4B-00C04F79EFBC}") = "ArabaKiralama.BLL", "ArabaKiralama.BLL\ArabaKiralama.BLL.csproj", "{64C37520-865D-49CE-9D34-06F57C6D8F87}"
EndProject
Global
	GlobalSection(SolutionConfigurationPlatforms) = preSolution
		Debug|Any CPU = Debug|Any CPU
		Release|Any CPU = Release|Any CPU
	EndGlobalSection
	GlobalSection(ProjectConfigurationPlatforms) = postSolution
		{37FB5657-D16C-4020-B74C-95747360D998}.Debug|Any CPU.ActiveCfg = Debug|Any CPU
		{37FB5657-D16C-4020-B74C-95747360D998}.Debug|Any CPU.Build.0 = Debug|Any CPU
		{37FB5657-D16C-4020-B74C-95747360D998}.Release|Any CPU.ActiveCfg = Release|Any CPU
		{37FB5657-D16C-4020-B74C-95747360D998}.Release|Any CPU.Build.0 = Release|Any CPU
		{CF9E52F8-4BE2-45F1-B265-79329633C168}.Debug|Any CPU.ActiveCfg = Debug|Any CPU
		{CF9E52F8-4BE2-45F1-B265-79329633C168}.Debug|Any CPU.Build.0 = Debug|Any CPU
		{CF9E52F8-4BE2-45F1-B265-79329633C168}.Release|Any CPU.ActiveCfg = Release|Any CPU
		{CF9E52F8-4BE2-45F1-B265-79329633C168}.Release|Any CPU.Build.0 = Release|Any CPU
		{64C37520-865D-49CE-9D34-06F57C6D8F87}.Debug|Any CPU.ActiveCfg = Debug|Any CPU
		{64C37520-865D-49CE-9D34-06F57C6D8F87}.Debug|Any CPU.Build.0 = Debug|Any CPU
		{64C37520-865D-49CE-9D34-06F57C6D8F87}.Release|Any CPU.ActiveCfg = Release|Any CPU
		{64C37520-865D-49CE-9D34-06F57C6D8F87}.Release|Any CPU.Build.0 = Release|Any CPU
	EndGlobalSection
	GlobalSection(SolutionProperties) = preSolution
		HideSolutionNode = FALSE
	EndGlobalSection
	GlobalSection(ExtensibilityGlobals) = postSolution
		SolutionGuid = {666A79F6-BE35-4FDE-8C6D-3B155575469F}
	EndGlobalSection
EndGlobal
